
Microsoft Visual Studio Solution File, Format Version 12.00
# Visual Studio 15
VisualStudioVersion = 15.0.27428.2015
MinimumVisualStudioVersion = 10.0.40219.1
Project("{FAE04EC0-301F-11D3-BF4B-00C04F79EFBC}") = "pcyardim", "pcyardim\pcyardim.csproj", "{CDCF7615-0148-451F-BB50-E47FC0B92AFF}"
EndProject
Global
	GlobalSection(SolutionConfigurationPlatforms) = preSolution
		Debug|Any CPU = Debug|Any CPU
		Release|Any CPU = Release|Any CPU
	EndGlobalSection
	GlobalSection(ProjectConfigurationPlatforms) = postSolution
		{CDCF7615-0148-451F-BB50-E47FC0B92AFF}.Debug|Any CPU.ActiveCfg = Debug|Any CPU
		{CDCF7615-0148-451F-BB50-E47FC0B92AFF}.Debug|Any CPU.Build.0 = Debug|Any CPU
		{CDCF7615-0148-451F-BB50-E47FC0B92AFF}.Release|Any CPU.ActiveCfg = Release|Any CPU
		{CDCF7615-0148-451F-BB50-E47FC0B92AFF}.Release|Any CPU.Build.0 = Release|Any CPU
	EndGlobalSection
	GlobalSection(SolutionProperties) = preSolution
		HideSolutionNode = FALSE
	EndGlobalSection
	GlobalSection(ExtensibilityGlobals) = postSolution
		SolutionGuid = {AE2433DE-FD17-4CB1-89BA-80C6643E7AE6}
	EndGlobalSection
EndGlobal
